
Microsoft Visual Studio Solution File, Format Version 12.00
# Visual Studio Version 16
VisualStudioVersion = 16.0.30804.86
MinimumVisualStudioVersion = 10.0.40219.1
Project("{FAE04EC0-301F-11D3-BF4B-00C04F79EFBC}") = "RandomImageCreator.App", "RandomImageCreator.App\RandomImageCreator.App.csproj", "{0B096DB9-1A14-4D30-B818-E096B116B575}"
EndProject
Project("{FAE04EC0-301F-11D3-BF4B-00C04F79EFBC}") = "RandomImageCreator.Domain", "RandomImageCreator.Domain\RandomImageCreator.Domain.csproj", "{BC4D0F09-4E7D-49B6-B174-CBC37253B08F}"
EndProject
Global
	GlobalSection(SolutionConfigurationPlatforms) = preSolution
		Debug|Any CPU = Debug|Any CPU
		Release|Any CPU = Release|Any CPU
	EndGlobalSection
	GlobalSection(ProjectConfigurationPlatforms) = postSolution
		{0B096DB9-1A14-4D30-B818-E096B116B575}.Debug|Any CPU.ActiveCfg = Debug|Any CPU
		{0B096DB9-1A14-4D30-B818-E096B116B575}.Debug|Any CPU.Build.0 = Debug|Any CPU
		{0B096DB9-1A14-4D30-B818-E096B116B575}.Release|Any CPU.ActiveCfg = Release|Any CPU
		{0B096DB9-1A14-4D30-B818-E096B116B575}.Release|Any CPU.Build.0 = Release|Any CPU
		{BC4D0F09-4E7D-49B6-B174-CBC37253B08F}.Debug|Any CPU.ActiveCfg = Debug|Any CPU
		{BC4D0F09-4E7D-49B6-B174-CBC37253B08F}.Debug|Any CPU.Build.0 = Debug|Any CPU
		{BC4D0F09-4E7D-49B6-B174-CBC37253B08F}.Release|Any CPU.ActiveCfg = Release|Any CPU
		{BC4D0F09-4E7D-49B6-B174-CBC37253B08F}.Release|Any CPU.Build.0 = Release|Any CPU
	EndGlobalSection
	GlobalSection(SolutionProperties) = preSolution
		HideSolutionNode = FALSE
	EndGlobalSection
	GlobalSection(ExtensibilityGlobals) = postSolution
		SolutionGuid = {AAE72454-0DE7-43C5-88A4-B1D4DAF12637}
	EndGlobalSection
EndGlobal
